
Microsoft Visual Studio Solution File, Format Version 12.00
# Visual Studio Version 17
VisualStudioVersion = 17.13.35919.96
MinimumVisualStudioVersion = 10.0.40219.1
Project("{FAE04EC0-301F-11D3-BF4B-00C04F79EFBC}") = "ScrappingManagement.API", "ScrappingManagement.API\ScrappingManagement.API.csproj", "{8A1D423C-63AF-491D-807E-619DA79E2B0B}"
EndProject
Project("{FAE04EC0-301F-11D3-BF4B-00C04F79EFBC}") = "ScrappingManagement.Web", "ScrappingManagement.Web\ScrappingManagement.Web.csproj", "{0A0162D6-B7A5-4A82-8C8C-1EA04F998B84}"
EndProject
Global
	GlobalSection(SolutionConfigurationPlatforms) = preSolution
		Debug|Any CPU = Debug|Any CPU
		Release|Any CPU = Release|Any CPU
	EndGlobalSection
	GlobalSection(ProjectConfigurationPlatforms) = postSolution
		{8A1D423C-63AF-491D-807E-619DA79E2B0B}.Debug|Any CPU.ActiveCfg = Debug|Any CPU
		{8A1D423C-63AF-491D-807E-619DA79E2B0B}.Debug|Any CPU.Build.0 = Debug|Any CPU
		{8A1D423C-63AF-491D-807E-619DA79E2B0B}.Release|Any CPU.ActiveCfg = Release|Any CPU
		{8A1D423C-63AF-491D-807E-619DA79E2B0B}.Release|Any CPU.Build.0 = Release|Any CPU
		{0A0162D6-B7A5-4A82-8C8C-1EA04F998B84}.Debug|Any CPU.ActiveCfg = Debug|Any CPU
		{0A0162D6-B7A5-4A82-8C8C-1EA04F998B84}.Debug|Any CPU.Build.0 = Debug|Any CPU
		{0A0162D6-B7A5-4A82-8C8C-1EA04F998B84}.Release|Any CPU.ActiveCfg = Release|Any CPU
		{0A0162D6-B7A5-4A82-8C8C-1EA04F998B84}.Release|Any CPU.Build.0 = Release|Any CPU
	EndGlobalSection
	GlobalSection(SolutionProperties) = preSolution
		HideSolutionNode = FALSE
	EndGlobalSection
	GlobalSection(ExtensibilityGlobals) = postSolution
		SolutionGuid = {E5295FAB-13F2-419B-9314-A428B310B920}
	EndGlobalSection
EndGlobal
